
Microsoft Visual Studio Solution File, Format Version 12.00
# Visual Studio Version 17
VisualStudioVersion = 17.9.34723.18
MinimumVisualStudioVersion = 10.0.40219.1
Project("{FAE04EC0-301F-11D3-BF4B-00C04F79EFBC}") = "ConsoleApp_TableOfNumbers", "ConsoleApp_TableOfNumbers\ConsoleApp_TableOfNumbers.csproj", "{1FCFCC6E-1594-4E82-A78B-41A1E45DBED3}"
EndProject
Global
	GlobalSection(SolutionConfigurationPlatforms) = preSolution
		Debug|Any CPU = Debug|Any CPU
		Release|Any CPU = Release|Any CPU
	EndGlobalSection
	GlobalSection(ProjectConfigurationPlatforms) = postSolution
		{1FCFCC6E-1594-4E82-A78B-41A1E45DBED3}.Debug|Any CPU.ActiveCfg = Debug|Any CPU
		{1FCFCC6E-1594-4E82-A78B-41A1E45DBED3}.Debug|Any CPU.Build.0 = Debug|Any CPU
		{1FCFCC6E-1594-4E82-A78B-41A1E45DBED3}.Release|Any CPU.ActiveCfg = Release|Any CPU
		{1FCFCC6E-1594-4E82-A78B-41A1E45DBED3}.Release|Any CPU.Build.0 = Release|Any CPU
	EndGlobalSection
	GlobalSection(SolutionProperties) = preSolution
		HideSolutionNode = FALSE
	EndGlobalSection
	GlobalSection(ExtensibilityGlobals) = postSolution
		SolutionGuid = {F7DEB3CD-1D1F-4FA0-BC48-39F6A0324273}
	EndGlobalSection
EndGlobal
